
Microsoft Visual Studio Solution File, Format Version 12.00
# Visual Studio Version 17
VisualStudioVersion = 17.11.35327.3
MinimumVisualStudioVersion = 10.0.40219.1
Project("{FAE04EC0-301F-11D3-BF4B-00C04F79EFBC}") = "hFonsecaS7A", "hFonsecaS7A.csproj", "{863646A2-E34F-4042-A8C0-7155F16A30CF}"
EndProject
Global
	GlobalSection(SolutionConfigurationPlatforms) = preSolution
		Debug|Any CPU = Debug|Any CPU
		Release|Any CPU = Release|Any CPU
	EndGlobalSection
	GlobalSection(ProjectConfigurationPlatforms) = postSolution
		{863646A2-E34F-4042-A8C0-7155F16A30CF}.Debug|Any CPU.ActiveCfg = Debug|Any CPU
		{863646A2-E34F-4042-A8C0-7155F16A30CF}.Debug|Any CPU.Build.0 = Debug|Any CPU
		{863646A2-E34F-4042-A8C0-7155F16A30CF}.Debug|Any CPU.Deploy.0 = Debug|Any CPU
		{863646A2-E34F-4042-A8C0-7155F16A30CF}.Release|Any CPU.ActiveCfg = Release|Any CPU
		{863646A2-E34F-4042-A8C0-7155F16A30CF}.Release|Any CPU.Build.0 = Release|Any CPU
		{863646A2-E34F-4042-A8C0-7155F16A30CF}.Release|Any CPU.Deploy.0 = Release|Any CPU
	EndGlobalSection
	GlobalSection(SolutionProperties) = preSolution
		HideSolutionNode = FALSE
	EndGlobalSection
	GlobalSection(ExtensibilityGlobals) = postSolution
		SolutionGuid = {8A543D64-9853-4AF7-9B6A-FE04A2F274E1}
	EndGlobalSection
EndGlobal
